
Microsoft Visual Studio Solution File, Format Version 12.00
# Visual Studio Version 17
VisualStudioVersion = 17.14.37411.7 d17.14
MinimumVisualStudioVersion = 10.0.40219.1
Project("{FAE04EC0-301F-11D3-BF4B-00C04F79EFBC}") = "KhangNghi_AdminApp", "KhangNghi_AdminApp.csproj", "{20F96AC1-1048-4A18-9C2B-C9278A568A80}"
EndProject
Global
	GlobalSection(SolutionConfigurationPlatforms) = preSolution
		Debug|Any CPU = Debug|Any CPU
		Release|Any CPU = Release|Any CPU
	EndGlobalSection
	GlobalSection(ProjectConfigurationPlatforms) = postSolution
		{20F96AC1-1048-4A18-9C2B-C9278A568A80}.Debug|Any CPU.ActiveCfg = Debug|Any CPU
		{20F96AC1-1048-4A18-9C2B-C9278A568A80}.Debug|Any CPU.Build.0 = Debug|Any CPU
		{20F96AC1-1048-4A18-9C2B-C9278A568A80}.Release|Any CPU.ActiveCfg = Release|Any CPU
		{20F96AC1-1048-4A18-9C2B-C9278A568A80}.Release|Any CPU.Build.0 = Release|Any CPU
	EndGlobalSection
	GlobalSection(SolutionProperties) = preSolution
		HideSolutionNode = FALSE
	EndGlobalSection
	GlobalSection(ExtensibilityGlobals) = postSolution
		SolutionGuid = {8903C95C-C1B0-41AE-876C-549DDC9CA9BD}
	EndGlobalSection
EndGlobal
